
Microsoft Visual Studio Solution File, Format Version 12.00
# Visual Studio Version 16
VisualStudioVersion = 16.0.31911.196
MinimumVisualStudioVersion = 10.0.40219.1
Project("{FAE04EC0-301F-11D3-BF4B-00C04F79EFBC}") = "Neag_Andreea_Lab8", "Neag_Andreea_Lab8.csproj", "{2CA75944-F610-48C4-AF1B-80EAFF86E080}"
EndProject
Global
	GlobalSection(SolutionConfigurationPlatforms) = preSolution
		Debug|Any CPU = Debug|Any CPU
		Release|Any CPU = Release|Any CPU
	EndGlobalSection
	GlobalSection(ProjectConfigurationPlatforms) = postSolution
		{2CA75944-F610-48C4-AF1B-80EAFF86E080}.Debug|Any CPU.ActiveCfg = Debug|Any CPU
		{2CA75944-F610-48C4-AF1B-80EAFF86E080}.Debug|Any CPU.Build.0 = Debug|Any CPU
		{2CA75944-F610-48C4-AF1B-80EAFF86E080}.Release|Any CPU.ActiveCfg = Release|Any CPU
		{2CA75944-F610-48C4-AF1B-80EAFF86E080}.Release|Any CPU.Build.0 = Release|Any CPU
	EndGlobalSection
	GlobalSection(SolutionProperties) = preSolution
		HideSolutionNode = FALSE
	EndGlobalSection
	GlobalSection(ExtensibilityGlobals) = postSolution
		SolutionGuid = {D9C253FB-7C61-4DBA-8A08-38E182ABB25D}
	EndGlobalSection
EndGlobal
